
Microsoft Visual Studio Solution File, Format Version 12.00
# Visual Studio Version 16
VisualStudioVersion = 16.0.30204.135
MinimumVisualStudioVersion = 10.0.40219.1
Project("{9A19103F-16F7-4668-BE54-9A1E7A4F7556}") = "DeadLine9.DAL", "DeadLine9.DAL\DeadLine9.DAL.csproj", "{F795D11C-C141-4903-BD09-9C8EDDA881FE}"
EndProject
Project("{FAE04EC0-301F-11D3-BF4B-00C04F79EFBC}") = "Deadline9.Models", "Deadline9.Models\Deadline9.Models.csproj", "{27D70E86-FAD0-4744-B7A3-36F0BE0B9BC8}"
EndProject
Project("{FAE04EC0-301F-11D3-BF4B-00C04F79EFBC}") = "Deadline9.BL", "Deadline9.BL\Deadline9.BL.csproj", "{8A31E081-44E4-4A83-ACDD-407FE557CB17}"
EndProject
Project("{FAE04EC0-301F-11D3-BF4B-00C04F79EFBC}") = "Deadline9.UI", "Deadline9.UI\Deadline9.UI.csproj", "{2264FB33-1821-4414-BD67-FD0EF03DAEEE}"
EndProject
Global
	GlobalSection(SolutionConfigurationPlatforms) = preSolution
		Debug|Any CPU = Debug|Any CPU
		Release|Any CPU = Release|Any CPU
	EndGlobalSection
	GlobalSection(ProjectConfigurationPlatforms) = postSolution
		{F795D11C-C141-4903-BD09-9C8EDDA881FE}.Debug|Any CPU.ActiveCfg = Debug|Any CPU
		{F795D11C-C141-4903-BD09-9C8EDDA881FE}.Debug|Any CPU.Build.0 = Debug|Any CPU
		{F795D11C-C141-4903-BD09-9C8EDDA881FE}.Release|Any CPU.ActiveCfg = Release|Any CPU
		{F795D11C-C141-4903-BD09-9C8EDDA881FE}.Release|Any CPU.Build.0 = Release|Any CPU
		{27D70E86-FAD0-4744-B7A3-36F0BE0B9BC8}.Debug|Any CPU.ActiveCfg = Debug|Any CPU
		{27D70E86-FAD0-4744-B7A3-36F0BE0B9BC8}.Debug|Any CPU.Build.0 = Debug|Any CPU
		{27D70E86-FAD0-4744-B7A3-36F0BE0B9BC8}.Release|Any CPU.ActiveCfg = Release|Any CPU
		{27D70E86-FAD0-4744-B7A3-36F0BE0B9BC8}.Release|Any CPU.Build.0 = Release|Any CPU
		{8A31E081-44E4-4A83-ACDD-407FE557CB17}.Debug|Any CPU.ActiveCfg = Debug|Any CPU
		{8A31E081-44E4-4A83-ACDD-407FE557CB17}.Debug|Any CPU.Build.0 = Debug|Any CPU
		{8A31E081-44E4-4A83-ACDD-407FE557CB17}.Release|Any CPU.ActiveCfg = Release|Any CPU
		{8A31E081-44E4-4A83-ACDD-407FE557CB17}.Release|Any CPU.Build.0 = Release|Any CPU
		{2264FB33-1821-4414-BD67-FD0EF03DAEEE}.Debug|Any CPU.ActiveCfg = Debug|Any CPU
		{2264FB33-1821-4414-BD67-FD0EF03DAEEE}.Debug|Any CPU.Build.0 = Debug|Any CPU
		{2264FB33-1821-4414-BD67-FD0EF03DAEEE}.Release|Any CPU.ActiveCfg = Release|Any CPU
		{2264FB33-1821-4414-BD67-FD0EF03DAEEE}.Release|Any CPU.Build.0 = Release|Any CPU
	EndGlobalSection
	GlobalSection(SolutionProperties) = preSolution
		HideSolutionNode = FALSE
	EndGlobalSection
	GlobalSection(ExtensibilityGlobals) = postSolution
		SolutionGuid = {5C14B8D7-8D93-4DEB-AC03-2C847C07872D}
	EndGlobalSection
EndGlobal
